
Microsoft Visual Studio Solution File, Format Version 12.00
# Visual Studio Version 17
VisualStudioVersion = 17.5.33627.172
MinimumVisualStudioVersion = 10.0.40219.1
Project("{FAE04EC0-301F-11D3-BF4B-00C04F79EFBC}") = "eTickets", "eTickets\eTickets.csproj", "{D90E88BF-63DB-433E-AE98-EAD6DC03DF01}"
EndProject
Global
	GlobalSection(SolutionConfigurationPlatforms) = preSolution
		Debug|Any CPU = Debug|Any CPU
		Release|Any CPU = Release|Any CPU
	EndGlobalSection
	GlobalSection(ProjectConfigurationPlatforms) = postSolution
		{D90E88BF-63DB-433E-AE98-EAD6DC03DF01}.Debug|Any CPU.ActiveCfg = Debug|Any CPU
		{D90E88BF-63DB-433E-AE98-EAD6DC03DF01}.Debug|Any CPU.Build.0 = Debug|Any CPU
		{D90E88BF-63DB-433E-AE98-EAD6DC03DF01}.Release|Any CPU.ActiveCfg = Release|Any CPU
		{D90E88BF-63DB-433E-AE98-EAD6DC03DF01}.Release|Any CPU.Build.0 = Release|Any CPU
	EndGlobalSection
	GlobalSection(SolutionProperties) = preSolution
		HideSolutionNode = FALSE
	EndGlobalSection
	GlobalSection(ExtensibilityGlobals) = postSolution
		SolutionGuid = {3DE87FA0-D239-4CCA-B7F1-F869B4F826EA}
	EndGlobalSection
EndGlobal
